
Microsoft Visual Studio Solution File, Format Version 12.00
# Visual Studio Version 16
VisualStudioVersion = 16.0.30420.98
MinimumVisualStudioVersion = 10.0.40219.1
Project("{FAE04EC0-301F-11D3-BF4B-00C04F79EFBC}") = "CoreApiWithSwagger", "CoreApiWithSwagger.csproj", "{CF4E315B-8F72-472E-BE69-FCB5ADF9E91F}"
EndProject
Global
	GlobalSection(SolutionConfigurationPlatforms) = preSolution
		Debug|Any CPU = Debug|Any CPU
		Release|Any CPU = Release|Any CPU
	EndGlobalSection
	GlobalSection(ProjectConfigurationPlatforms) = postSolution
		{CF4E315B-8F72-472E-BE69-FCB5ADF9E91F}.Debug|Any CPU.ActiveCfg = Debug|Any CPU
		{CF4E315B-8F72-472E-BE69-FCB5ADF9E91F}.Debug|Any CPU.Build.0 = Debug|Any CPU
		{CF4E315B-8F72-472E-BE69-FCB5ADF9E91F}.Release|Any CPU.ActiveCfg = Release|Any CPU
		{CF4E315B-8F72-472E-BE69-FCB5ADF9E91F}.Release|Any CPU.Build.0 = Release|Any CPU
	EndGlobalSection
	GlobalSection(SolutionProperties) = preSolution
		HideSolutionNode = FALSE
	EndGlobalSection
	GlobalSection(ExtensibilityGlobals) = postSolution
		SolutionGuid = {150605EB-440E-4562-9ACF-A673BC2FFD15}
	EndGlobalSection
EndGlobal
